// !$*UTF8*$!
{
	archiveVersion = 1;
	classes = {
	};
	objectVersion = 56;
	objects = {

/* Begin PBXBuildFile section */
		551146362BC0147100E38056 /* ImageTitleRowCell.swift in Sources */ = {isa = PBXBuildFile; fileRef = 551146352BC0147100E38056 /* ImageTitleRowCell.swift */; };
		559E87C72BBE16ED00A1898A /* SpotifyCategoryCell.swift in Sources */ = {isa = PBXBuildFile; fileRef = 559E87C62BBE16ED00A1898A /* SpotifyCategoryCell.swift */; };
		559E87CA2BBE19CE00A1898A /* Category.swift in Sources */ = {isa = PBXBuildFile; fileRef = 559E87C92BBE19CE00A1898A /* Category.swift */; };
		559E87CC2BBE9DB800A1898A /* SpotifyRecentsCell.swift in Sources */ = {isa = PBXBuildFile; fileRef = 559E87CB2BBE9DB800A1898A /* SpotifyRecentsCell.swift */; };
		559E87CE2BBED51100A1898A /* SpotifyNewReleaseCell.swift in Sources */ = {isa = PBXBuildFile; fileRef = 559E87CD2BBED51100A1898A /* SpotifyNewReleaseCell.swift */; };
		55B95D612BBD518E005B3BC0 /* SwiftUIinPracticeApp.swift in Sources */ = {isa = PBXBuildFile; fileRef = 55B95D602BBD518E005B3BC0 /* SwiftUIinPracticeApp.swift */; };
		55B95D632BBD518E005B3BC0 /* ContentView.swift in Sources */ = {isa = PBXBuildFile; fileRef = 55B95D622BBD518E005B3BC0 /* ContentView.swift */; };
		55B95D652BBD518F005B3BC0 /* Assets.xcassets in Resources */ = {isa = PBXBuildFile; fileRef = 55B95D642BBD518F005B3BC0 /* Assets.xcassets */; };
		55B95D682BBD518F005B3BC0 /* Preview Assets.xcassets in Resources */ = {isa = PBXBuildFile; fileRef = 55B95D672BBD518F005B3BC0 /* Preview Assets.xcassets */; };
		55B95D702BBD52AE005B3BC0 /* SDWebImageSwiftUI in Frameworks */ = {isa = PBXBuildFile; productRef = 55B95D6F2BBD52AE005B3BC0 /* SDWebImageSwiftUI */; };
		55B95D732BBD5324005B3BC0 /* ImageLoaderView.swift in Sources */ = {isa = PBXBuildFile; fileRef = 55B95D722BBD5324005B3BC0 /* ImageLoaderView.swift */; };
		55B95D752BBD548E005B3BC0 /* Constants.swift in Sources */ = {isa = PBXBuildFile; fileRef = 55B95D742BBD548E005B3BC0 /* Constants.swift */; };
		55B95D772BBD5AE9005B3BC0 /* DatabaseHelper.swift in Sources */ = {isa = PBXBuildFile; fileRef = 55B95D762BBD5AE9005B3BC0 /* DatabaseHelper.swift */; };
		55B95D792BBD5FC7005B3BC0 /* Product.swift in Sources */ = {isa = PBXBuildFile; fileRef = 55B95D782BBD5FC7005B3BC0 /* Product.swift */; };
		55B95D7B2BBD5FF2005B3BC0 /* User.swift in Sources */ = {isa = PBXBuildFile; fileRef = 55B95D7A2BBD5FF2005B3BC0 /* User.swift */; };
		55B95D7E2BBD7071005B3BC0 /* SwiftfulUI in Frameworks */ = {isa = PBXBuildFile; productRef = 55B95D7D2BBD7071005B3BC0 /* SwiftfulUI */; };
		55B95D812BBD70E0005B3BC0 /* SwiftfulRouting in Frameworks */ = {isa = PBXBuildFile; productRef = 55B95D802BBD70E0005B3BC0 /* SwiftfulRouting */; };
		55B95D862BBD7967005B3BC0 /* SpotifyHomeView.swift in Sources */ = {isa = PBXBuildFile; fileRef = 55B95D852BBD7967005B3BC0 /* SpotifyHomeView.swift */; };
/* End PBXBuildFile section */

/* Begin PBXFileReference section */
		551146352BC0147100E38056 /* ImageTitleRowCell.swift */ = {isa = PBXFileReference; lastKnownFileType = sourcecode.swift; path = ImageTitleRowCell.swift; sourceTree = "<group>"; };
		559E87C62BBE16ED00A1898A /* SpotifyCategoryCell.swift */ = {isa = PBXFileReference; lastKnownFileType = sourcecode.swift; path = SpotifyCategoryCell.swift; sourceTree = "<group>"; };
		559E87C92BBE19CE00A1898A /* Category.swift */ = {isa = PBXFileReference; lastKnownFileType = sourcecode.swift; path = Category.swift; sourceTree = "<group>"; };
		559E87CB2BBE9DB800A1898A /* SpotifyRecentsCell.swift */ = {isa = PBXFileReference; lastKnownFileType = sourcecode.swift; path = SpotifyRecentsCell.swift; sourceTree = "<group>"; };
		559E87CD2BBED51100A1898A /* SpotifyNewReleaseCell.swift */ = {isa = PBXFileReference; lastKnownFileType = sourcecode.swift; path = SpotifyNewReleaseCell.swift; sourceTree = "<group>"; };
		55B95D5D2BBD518E005B3BC0 /* SwiftUIinPractice.app */ = {isa = PBXFileReference; explicitFileType = wrapper.application; includeInIndex = 0; path = SwiftUIinPractice.app; sourceTree = BUILT_PRODUCTS_DIR; };
		55B95D602BBD518E005B3BC0 /* SwiftUIinPracticeApp.swift */ = {isa = PBXFileReference; lastKnownFileType = sourcecode.swift; path = SwiftUIinPracticeApp.swift; sourceTree = "<group>"; };
		55B95D622BBD518E005B3BC0 /* ContentView.swift */ = {isa = PBXFileReference; lastKnownFileType = sourcecode.swift; path = ContentView.swift; sourceTree = "<group>"; };
		55B95D642BBD518F005B3BC0 /* Assets.xcassets */ = {isa = PBXFileReference; lastKnownFileType = folder.assetcatalog; path = Assets.xcassets; sourceTree = "<group>"; };
		55B95D672BBD518F005B3BC0 /* Preview Assets.xcassets */ = {isa = PBXFileReference; lastKnownFileType = folder.assetcatalog; path = "Preview Assets.xcassets"; sourceTree = "<group>"; };
		55B95D722BBD5324005B3BC0 /* ImageLoaderView.swift */ = {isa = PBXFileReference; lastKnownFileType = sourcecode.swift; path = ImageLoaderView.swift; sourceTree = "<group>"; };
		55B95D742BBD548E005B3BC0 /* Constants.swift */ = {isa = PBXFileReference; lastKnownFileType = sourcecode.swift; path = Constants.swift; sourceTree = "<group>"; };
		55B95D762BBD5AE9005B3BC0 /* DatabaseHelper.swift */ = {isa = PBXFileReference; lastKnownFileType = sourcecode.swift; path = DatabaseHelper.swift; sourceTree = "<group>"; };
		55B95D782BBD5FC7005B3BC0 /* Product.swift */ = {isa = PBXFileReference; lastKnownFileType = sourcecode.swift; path = Product.swift; sourceTree = "<group>"; };
		55B95D7A2BBD5FF2005B3BC0 /* User.swift */ = {isa = PBXFileReference; lastKnownFileType = sourcecode.swift; path = User.swift; sourceTree = "<group>"; };
		55B95D852BBD7967005B3BC0 /* SpotifyHomeView.swift */ = {isa = PBXFileReference; lastKnownFileType = sourcecode.swift; path = SpotifyHomeView.swift; sourceTree = "<group>"; };
/* End PBXFileReference section */

/* Begin PBXFrameworksBuildPhase section */
		55B95D5A2BBD518E005B3BC0 /* Frameworks */ = {
			isa = PBXFrameworksBuildPhase;
			buildActionMask = 2147483647;
			files = (
				55B95D7E2BBD7071005B3BC0 /* SwiftfulUI in Frameworks */,
				55B95D812BBD70E0005B3BC0 /* SwiftfulRouting in Frameworks */,
				55B95D702BBD52AE005B3BC0 /* SDWebImageSwiftUI in Frameworks */,
			);
			runOnlyForDeploymentPostprocessing = 0;
		};
/* End PBXFrameworksBuildPhase section */

/* Begin PBXGroup section */
		559E87C82BBE19BA00A1898A /* Model */ = {
			isa = PBXGroup;
			children = (
				559E87C92BBE19CE00A1898A /* Category.swift */,
			);
			path = Model;
			sourceTree = "<group>";
		};
		55B95D542BBD518E005B3BC0 = {
			isa = PBXGroup;
			children = (
				55B95D5F2BBD518E005B3BC0 /* SwiftUIinPractice */,
				55B95D5E2BBD518E005B3BC0 /* Products */,
			);
			sourceTree = "<group>";
		};
		55B95D5E2BBD518E005B3BC0 /* Products */ = {
			isa = PBXGroup;
			children = (
				55B95D5D2BBD518E005B3BC0 /* SwiftUIinPractice.app */,
			);
			name = Products;
			sourceTree = "<group>";
		};
		55B95D5F2BBD518E005B3BC0 /* SwiftUIinPractice */ = {
			isa = PBXGroup;
			children = (
				55B95D822BBD792C005B3BC0 /* Spotify */,
				55B95D712BBD52F8005B3BC0 /* Share */,
				55B95D602BBD518E005B3BC0 /* SwiftUIinPracticeApp.swift */,
				55B95D622BBD518E005B3BC0 /* ContentView.swift */,
				55B95D642BBD518F005B3BC0 /* Assets.xcassets */,
				55B95D662BBD518F005B3BC0 /* Preview Content */,
			);
			path = SwiftUIinPractice;
			sourceTree = "<group>";
		};
		55B95D662BBD518F005B3BC0 /* Preview Content */ = {
			isa = PBXGroup;
			children = (
				55B95D672BBD518F005B3BC0 /* Preview Assets.xcassets */,
			);
			path = "Preview Content";
			sourceTree = "<group>";
		};
		55B95D712BBD52F8005B3BC0 /* Share */ = {
			isa = PBXGroup;
			children = (
				55B95D722BBD5324005B3BC0 /* ImageLoaderView.swift */,
				55B95D742BBD548E005B3BC0 /* Constants.swift */,
				55B95D762BBD5AE9005B3BC0 /* DatabaseHelper.swift */,
				55B95D782BBD5FC7005B3BC0 /* Product.swift */,
				55B95D7A2BBD5FF2005B3BC0 /* User.swift */,
			);
			path = Share;
			sourceTree = "<group>";
		};
		55B95D822BBD792C005B3BC0 /* Spotify */ = {
			isa = PBXGroup;
			children = (
				559E87C82BBE19BA00A1898A /* Model */,
				55B95D842BBD7943005B3BC0 /* Components */,
				55B95D832BBD7936005B3BC0 /* Core */,
			);
			path = Spotify;
			sourceTree = "<group>";
		};
		55B95D832BBD7936005B3BC0 /* Core */ = {
			isa = PBXGroup;
			children = (
				55B95D852BBD7967005B3BC0 /* SpotifyHomeView.swift */,
			);
			path = Core;
			sourceTree = "<group>";
		};
		55B95D842BBD7943005B3BC0 /* Components */ = {
			isa = PBXGroup;
			children = (
				559E87C62BBE16ED00A1898A /* SpotifyCategoryCell.swift */,
				559E87CB2BBE9DB800A1898A /* SpotifyRecentsCell.swift */,
				559E87CD2BBED51100A1898A /* SpotifyNewReleaseCell.swift */,
				551146352BC0147100E38056 /* ImageTitleRowCell.swift */,
			);
			path = Components;
			sourceTree = "<group>";
		};
/* End PBXGroup section */

/* Begin PBXNativeTarget section */
		55B95D5C2BBD518E005B3BC0 /* SwiftUIinPractice */ = {
			isa = PBXNativeTarget;
			buildConfigurationList = 55B95D6B2BBD518F005B3BC0 /* Build configuration list for PBXNativeTarget "SwiftUIinPractice" */;
			buildPhases = (
				55B95D592BBD518E005B3BC0 /* Sources */,
				55B95D5A2BBD518E005B3BC0 /* Frameworks */,
				55B95D5B2BBD518E005B3BC0 /* Resources */,
			);
			buildRules = (
			);
			dependencies = (
			);
			name = SwiftUIinPractice;
			packageProductDependencies = (
				55B95D6F2BBD52AE005B3BC0 /* SDWebImageSwiftUI */,
				55B95D7D2BBD7071005B3BC0 /* SwiftfulUI */,
				55B95D802BBD70E0005B3BC0 /* SwiftfulRouting */,
			);
			productName = SwiftUIinPractice;
			productReference = 55B95D5D2BBD518E005B3BC0 /* SwiftUIinPractice.app */;
			productType = "com.apple.product-type.application";
		};
/* End PBXNativeTarget section */

/* Begin PBXProject section */
		55B95D552BBD518E005B3BC0 /* Project object */ = {
			isa = PBXProject;
			attributes = {
				BuildIndependentTargetsInParallel = 1;
				LastSwiftUpdateCheck = 1530;
				LastUpgradeCheck = 1530;
				TargetAttributes = {
					55B95D5C2BBD518E005B3BC0 = {
						CreatedOnToolsVersion = 15.3;
					};
				};
			};
			buildConfigurationList = 55B95D582BBD518E005B3BC0 /* Build configuration list for PBXProject "SwiftUIinPractice" */;
			compatibilityVersion = "Xcode 14.0";
			developmentRegion = en;
			hasScannedForEncodings = 0;
			knownRegions = (
				en,
				Base,
			);
			mainGroup = 55B95D542BBD518E005B3BC0;
			packageReferences = (
				55B95D6E2BBD52AE005B3BC0 /* XCRemoteSwiftPackageReference "SDWebImageSwiftUI" */,
				55B95D7C2BBD7071005B3BC0 /* XCRemoteSwiftPackageReference "SwiftfulUI" */,
				55B95D7F2BBD70E0005B3BC0 /* XCRemoteSwiftPackageReference "SwiftfulRouting" */,
			);
			productRefGroup = 55B95D5E2BBD518E005B3BC0 /* Products */;
			projectDirPath = "";
			projectRoot = "";
			targets = (
				55B95D5C2BBD518E005B3BC0 /* SwiftUIinPractice */,
			);
		};
/* End PBXProject section */

/* Begin PBXResourcesBuildPhase section */
		55B95D5B2BBD518E005B3BC0 /* Resources */ = {
			isa = PBXResourcesBuildPhase;
			buildActionMask = 2147483647;
			files = (
				55B95D682BBD518F005B3BC0 /* Preview Assets.xcassets in Resources */,
				55B95D652BBD518F005B3BC0 /* Assets.xcassets in Resources */,
			);
			runOnlyForDeploymentPostprocessing = 0;
		};
/* End PBXResourcesBuildPhase section */

/* Begin PBXSourcesBuildPhase section */
		55B95D592BBD518E005B3BC0 /* Sources */ = {
			isa = PBXSourcesBuildPhase;
			buildActionMask = 2147483647;
			files = (
				55B95D732BBD5324005B3BC0 /* ImageLoaderView.swift in Sources */,
				559E87CA2BBE19CE00A1898A /* Category.swift in Sources */,
				559E87C72BBE16ED00A1898A /* SpotifyCategoryCell.swift in Sources */,
				559E87CE2BBED51100A1898A /* SpotifyNewReleaseCell.swift in Sources */,
				55B95D772BBD5AE9005B3BC0 /* DatabaseHelper.swift in Sources */,
				55B95D862BBD7967005B3BC0 /* SpotifyHomeView.swift in Sources */,
				551146362BC0147100E38056 /* ImageTitleRowCell.swift in Sources */,
				55B95D632BBD518E005B3BC0 /* ContentView.swift in Sources */,
				55B95D612BBD518E005B3BC0 /* SwiftUIinPracticeApp.swift in Sources */,
				55B95D752BBD548E005B3BC0 /* Constants.swift in Sources */,
				559E87CC2BBE9DB800A1898A /* SpotifyRecentsCell.swift in Sources */,
				55B95D792BBD5FC7005B3BC0 /* Product.swift in Sources */,
				55B95D7B2BBD5FF2005B3BC0 /* User.swift in Sources */,
			);
			runOnlyForDeploymentPostprocessing = 0;
		};
/* End PBXSourcesBuildPhase section */

/* Begin XCBuildConfiguration section */
		55B95D692BBD518F005B3BC0 /* Debug */ = {
			isa = XCBuildConfiguration;
			buildSettings = {
				ALWAYS_SEARCH_USER_PATHS = NO;
				ASSETCATALOG_COMPILER_GENERATE_SWIFT_ASSET_SYMBOL_EXTENSIONS = YES;
				CLANG_ANALYZER_NONNULL = YES;
				CLANG_ANALYZER_NUMBER_OBJECT_CONVERSION = YES_AGGRESSIVE;
				CLANG_CXX_LANGUAGE_STANDARD = "gnu++20";
				CLANG_ENABLE_MODULES = YES;
				CLANG_ENABLE_OBJC_ARC = YES;
				CLANG_ENABLE_OBJC_WEAK = YES;
				CLANG_WARN_BLOCK_CAPTURE_AUTORELEASING = YES;
				CLANG_WARN_BOOL_CONVERSION = YES;
				CLANG_WARN_COMMA = YES;
				CLANG_WARN_CONSTANT_CONVERSION = YES;
				CLANG_WARN_DEPRECATED_OBJC_IMPLEMENTATIONS = YES;
				CLANG_WARN_DIRECT_OBJC_ISA_USAGE = YES_ERROR;
				CLANG_WARN_DOCUMENTATION_COMMENTS = YES;
				CLANG_WARN_EMPTY_BODY = YES;
				CLANG_WARN_ENUM_CONVERSION = YES;
				CLANG_WARN_INFINITE_RECURSION = YES;
				CLANG_WARN_INT_CONVERSION = YES;
				CLANG_WARN_NON_LITERAL_NULL_CONVERSION = YES;
				CLANG_WARN_OBJC_IMPLICIT_RETAIN_SELF = YES;
				CLANG_WARN_OBJC_LITERAL_CONVERSION = YES;
				CLANG_WARN_OBJC_ROOT_CLASS = YES_ERROR;
				CLANG_WARN_QUOTED_INCLUDE_IN_FRAMEWORK_HEADER = YES;
				CLANG_WARN_RANGE_LOOP_ANALYSIS = YES;
				CLANG_WARN_STRICT_PROTOTYPES = YES;
				CLANG_WARN_SUSPICIOUS_MOVE = YES;
				CLANG_WARN_UNGUARDED_AVAILABILITY = YES_AGGRESSIVE;
				CLANG_WARN_UNREACHABLE_CODE = YES;
				CLANG_WARN__DUPLICATE_METHOD_MATCH = YES;
				COPY_PHASE_STRIP = NO;
				DEBUG_INFORMATION_FORMAT = dwarf;
				ENABLE_STRICT_OBJC_MSGSEND = YES;
				ENABLE_TESTABILITY = YES;
				ENABLE_USER_SCRIPT_SANDBOXING = YES;
				GCC_C_LANGUAGE_STANDARD = gnu17;
				GCC_DYNAMIC_NO_PIC = NO;
				GCC_NO_COMMON_BLOCKS = YES;
				GCC_OPTIMIZATION_LEVEL = 0;
				GCC_PREPROCESSOR_DEFINITIONS = (
					"DEBUG=1",
					"$(inherited)",
				);
				GCC_WARN_64_TO_32_BIT_CONVERSION = YES;
				GCC_WARN_ABOUT_RETURN_TYPE = YES_ERROR;
				GCC_WARN_UNDECLARED_SELECTOR = YES;
				GCC_WARN_UNINITIALIZED_AUTOS = YES_AGGRESSIVE;
				GCC_WARN_UNUSED_FUNCTION = YES;
				GCC_WARN_UNUSED_VARIABLE = YES;
				IPHONEOS_DEPLOYMENT_TARGET = 17.4;
				LOCALIZATION_PREFERS_STRING_CATALOGS = YES;
				MTL_ENABLE_DEBUG_INFO = INCLUDE_SOURCE;
				MTL_FAST_MATH = YES;
				ONLY_ACTIVE_ARCH = YES;
				SDKROOT = iphoneos;
				SWIFT_ACTIVE_COMPILATION_CONDITIONS = "DEBUG $(inherited)";
				SWIFT_OPTIMIZATION_LEVEL = "-Onone";
			};
			name = Debug;
		};
		55B95D6A2BBD518F005B3BC0 /* Release */ = {
			isa = XCBuildConfiguration;
			buildSettings = {
				ALWAYS_SEARCH_USER_PATHS = NO;
				ASSETCATALOG_COMPILER_GENERATE_SWIFT_ASSET_SYMBOL_EXTENSIONS = YES;
				CLANG_ANALYZER_NONNULL = YES;
				CLANG_ANALYZER_NUMBER_OBJECT_CONVERSION = YES_AGGRESSIVE;
				CLANG_CXX_LANGUAGE_STANDARD = "gnu++20";
				CLANG_ENABLE_MODULES = YES;
				CLANG_ENABLE_OBJC_ARC = YES;
				CLANG_ENABLE_OBJC_WEAK = YES;
				CLANG_WARN_BLOCK_CAPTURE_AUTORELEASING = YES;
				CLANG_WARN_BOOL_CONVERSION = YES;
				CLANG_WARN_COMMA = YES;
				CLANG_WARN_CONSTANT_CONVERSION = YES;
				CLANG_WARN_DEPRECATED_OBJC_IMPLEMENTATIONS = YES;
				CLANG_WARN_DIRECT_OBJC_ISA_USAGE = YES_ERROR;
				CLANG_WARN_DOCUMENTATION_COMMENTS = YES;
				CLANG_WARN_EMPTY_BODY = YES;
				CLANG_WARN_ENUM_CONVERSION = YES;
				CLANG_WARN_INFINITE_RECURSION = YES;
				CLANG_WARN_INT_CONVERSION = YES;
				CLANG_WARN_NON_LITERAL_NULL_CONVERSION = YES;
				CLANG_WARN_OBJC_IMPLICIT_RETAIN_SELF = YES;
				CLANG_WARN_OBJC_LITERAL_CONVERSION = YES;
				CLANG_WARN_OBJC_ROOT_CLASS = YES_ERROR;
				CLANG_WARN_QUOTED_INCLUDE_IN_FRAMEWORK_HEADER = YES;
				CLANG_WARN_RANGE_LOOP_ANALYSIS = YES;
				CLANG_WARN_STRICT_PROTOTYPES = YES;
				CLANG_WARN_SUSPICIOUS_MOVE = YES;
				CLANG_WARN_UNGUARDED_AVAILABILITY = YES_AGGRESSIVE;
				CLANG_WARN_UNREACHABLE_CODE = YES;
				CLANG_WARN__DUPLICATE_METHOD_MATCH = YES;
				COPY_PHASE_STRIP = NO;
				DEBUG_INFORMATION_FORMAT = "dwarf-with-dsym";
				ENABLE_NS_ASSERTIONS = NO;
				ENABLE_STRICT_OBJC_MSGSEND = YES;
				ENABLE_USER_SCRIPT_SANDBOXING = YES;
				GCC_C_LANGUAGE_STANDARD = gnu17;
				GCC_NO_COMMON_BLOCKS = YES;
				GCC_WARN_64_TO_32_BIT_CONVERSION = YES;
				GCC_WARN_ABOUT_RETURN_TYPE = YES_ERROR;
				GCC_WARN_UNDECLARED_SELECTOR = YES;
				GCC_WARN_UNINITIALIZED_AUTOS = YES_AGGRESSIVE;
				GCC_WARN_UNUSED_FUNCTION = YES;
				GCC_WARN_UNUSED_VARIABLE = YES;
				IPHONEOS_DEPLOYMENT_TARGET = 17.4;
				LOCALIZATION_PREFERS_STRING_CATALOGS = YES;
				MTL_ENABLE_DEBUG_INFO = NO;
				MTL_FAST_MATH = YES;
				SDKROOT = iphoneos;
				SWIFT_COMPILATION_MODE = wholemodule;
				VALIDATE_PRODUCT = YES;
			};
			name = Release;
		};
		55B95D6C2BBD518F005B3BC0 /* Debug */ = {
			isa = XCBuildConfiguration;
			buildSettings = {
				ASSETCATALOG_COMPILER_APPICON_NAME = AppIcon;
				ASSETCATALOG_COMPILER_GLOBAL_ACCENT_COLOR_NAME = AccentColor;
				CODE_SIGN_STYLE = Automatic;
				CURRENT_PROJECT_VERSION = 1;
				DEVELOPMENT_ASSET_PATHS = "\"SwiftUIinPractice/Preview Content\"";
				ENABLE_PREVIEWS = YES;
				GENERATE_INFOPLIST_FILE = YES;
				INFOPLIST_KEY_UIApplicationSceneManifest_Generation = YES;
				INFOPLIST_KEY_UIApplicationSupportsIndirectInputEvents = YES;
				INFOPLIST_KEY_UILaunchScreen_Generation = YES;
				INFOPLIST_KEY_UISupportedInterfaceOrientations_iPad = "UIInterfaceOrientationPortrait UIInterfaceOrientationPortraitUpsideDown UIInterfaceOrientationLandscapeLeft UIInterfaceOrientationLandscapeRight";
				INFOPLIST_KEY_UISupportedInterfaceOrientations_iPhone = "UIInterfaceOrientationPortrait UIInterfaceOrientationLandscapeLeft UIInterfaceOrientationLandscapeRight";
				IPHONEOS_DEPLOYMENT_TARGET = 16.0;
				LD_RUNPATH_SEARCH_PATHS = (
					"$(inherited)",
					"@executable_path/Frameworks",
				);
				MARKETING_VERSION = 1.0;
				PRODUCT_BUNDLE_IDENTIFIER = com.felipeweber.SwiftUIinPractice;
				PRODUCT_NAME = "$(TARGET_NAME)";
				SWIFT_EMIT_LOC_STRINGS = YES;
				SWIFT_VERSION = 5.0;
				TARGETED_DEVICE_FAMILY = "1,2";
			};
			name = Debug;
		};
		55B95D6D2BBD518F005B3BC0 /* Release */ = {
			isa = XCBuildConfiguration;
			buildSettings = {
				ASSETCATALOG_COMPILER_APPICON_NAME = AppIcon;
				ASSETCATALOG_COMPILER_GLOBAL_ACCENT_COLOR_NAME = AccentColor;
				CODE_SIGN_STYLE = Automatic;
				CURRENT_PROJECT_VERSION = 1;
				DEVELOPMENT_ASSET_PATHS = "\"SwiftUIinPractice/Preview Content\"";
				ENABLE_PREVIEWS = YES;
				GENERATE_INFOPLIST_FILE = YES;
				INFOPLIST_KEY_UIApplicationSceneManifest_Generation = YES;
				INFOPLIST_KEY_UIApplicationSupportsIndirectInputEvents = YES;
				INFOPLIST_KEY_UILaunchScreen_Generation = YES;
				INFOPLIST_KEY_UISupportedInterfaceOrientations_iPad = "UIInterfaceOrientationPortrait UIInterfaceOrientationPortraitUpsideDown UIInterfaceOrientationLandscapeLeft UIInterfaceOrientationLandscapeRight";
				INFOPLIST_KEY_UISupportedInterfaceOrientations_iPhone = "UIInterfaceOrientationPortrait UIInterfaceOrientationLandscapeLeft UIInterfaceOrientationLandscapeRight";
				IPHONEOS_DEPLOYMENT_TARGET = 16.0;
				LD_RUNPATH_SEARCH_PATHS = (
					"$(inherited)",
					"@executable_path/Frameworks",
				);
				MARKETING_VERSION = 1.0;
				PRODUCT_BUNDLE_IDENTIFIER = com.felipeweber.SwiftUIinPractice;
				PRODUCT_NAME = "$(TARGET_NAME)";
				SWIFT_EMIT_LOC_STRINGS = YES;
				SWIFT_VERSION = 5.0;
				TARGETED_DEVICE_FAMILY = "1,2";
			};
			name = Release;
		};
/* End XCBuildConfiguration section */

/* Begin XCConfigurationList section */
		55B95D582BBD518E005B3BC0 /* Build configuration list for PBXProject "SwiftUIinPractice" */ = {
			isa = XCConfigurationList;
			buildConfigurations = (
				55B95D692BBD518F005B3BC0 /* Debug */,
				55B95D6A2BBD518F005B3BC0 /* Release */,
			);
			defaultConfigurationIsVisible = 0;
			defaultConfigurationName = Release;
		};
		55B95D6B2BBD518F005B3BC0 /* Build configuration list for PBXNativeTarget "SwiftUIinPractice" */ = {
			isa = XCConfigurationList;
			buildConfigurations = (
				55B95D6C2BBD518F005B3BC0 /* Debug */,
				55B95D6D2BBD518F005B3BC0 /* Release */,
			);
			defaultConfigurationIsVisible = 0;
			defaultConfigurationName = Release;
		};
/* End XCConfigurationList section */

/* Begin XCRemoteSwiftPackageReference section */
		55B95D6E2BBD52AE005B3BC0 /* XCRemoteSwiftPackageReference "SDWebImageSwiftUI" */ = {
			isa = XCRemoteSwiftPackageReference;
			repositoryURL = "https://github.com/SDWebImage/SDWebImageSwiftUI.git";
			requirement = {
				kind = upToNextMajorVersion;
				minimumVersion = 3.0.2;
			};
		};
		55B95D7C2BBD7071005B3BC0 /* XCRemoteSwiftPackageReference "SwiftfulUI" */ = {
			isa = XCRemoteSwiftPackageReference;
			repositoryURL = "https://github.com/SwiftfulThinking/SwiftfulUI";
			requirement = {
				kind = upToNextMajorVersion;
				minimumVersion = 1.2.0;
			};
		};
		55B95D7F2BBD70E0005B3BC0 /* XCRemoteSwiftPackageReference "SwiftfulRouting" */ = {
			isa = XCRemoteSwiftPackageReference;
			repositoryURL = "https://github.com/SwiftfulThinking/SwiftfulRouting.git";
			requirement = {
				kind = upToNextMajorVersion;
				minimumVersion = 5.3.2;
			};
		};
/* End XCRemoteSwiftPackageReference section */

/* Begin XCSwiftPackageProductDependency section */
		55B95D6F2BBD52AE005B3BC0 /* SDWebImageSwiftUI */ = {
			isa = XCSwiftPackageProductDependency;
			package = 55B95D6E2BBD52AE005B3BC0 /* XCRemoteSwiftPackageReference "SDWebImageSwiftUI" */;
			productName = SDWebImageSwiftUI;
		};
		55B95D7D2BBD7071005B3BC0 /* SwiftfulUI */ = {
			isa = XCSwiftPackageProductDependency;
			package = 55B95D7C2BBD7071005B3BC0 /* XCRemoteSwiftPackageReference "SwiftfulUI" */;
			productName = SwiftfulUI;
		};
		55B95D802BBD70E0005B3BC0 /* SwiftfulRouting */ = {
			isa = XCSwiftPackageProductDependency;
			package = 55B95D7F2BBD70E0005B3BC0 /* XCRemoteSwiftPackageReference "SwiftfulRouting" */;
			productName = SwiftfulRouting;
		};
/* End XCSwiftPackageProductDependency section */
	};
	rootObject = 55B95D552BBD518E005B3BC0 /* Project object */;
}
